// !$*UTF8*$!
{
	archiveVersion = 1;
	classes = {
	};
	objectVersion = 55;
	objects = {

/* Begin PBXBuildFile section */
		0A08BA0E97C157725D1409BA /* Pods_Charger.framework in Frameworks */ = {isa = PBXBuildFile; fileRef = 458BE58A93A6BB2CF40AB058 /* Pods_Charger.framework */; };
		991EFDBC28720C9500DC7F81 /* LoginViewModel.swift in Sources */ = {isa = PBXBuildFile; fileRef = 991EFDBB28720C9500DC7F81 /* LoginViewModel.swift */; };
		991EFDBE28720CED00DC7F81 /* LoginModel.swift in Sources */ = {isa = PBXBuildFile; fileRef = 991EFDBD28720CED00DC7F81 /* LoginModel.swift */; };
		991EFDC02872177F00DC7F81 /* HomePageViewController.swift in Sources */ = {isa = PBXBuildFile; fileRef = 991EFDBF2872177F00DC7F81 /* HomePageViewController.swift */; };
		9933AA1928747A1D00BF6110 /* ProfileViewController.swift in Sources */ = {isa = PBXBuildFile; fileRef = 9933AA1828747A1D00BF6110 /* ProfileViewController.swift */; };
		99360BE72871CDB700920922 /* User.swift in Sources */ = {isa = PBXBuildFile; fileRef = 99360BE62871CDB700920922 /* User.swift */; };
		994582DD2875BE8100BB5C23 /* CityViewController.swift in Sources */ = {isa = PBXBuildFile; fileRef = 994582DC2875BE8100BB5C23 /* CityViewController.swift */; };
		9982C5CC2870F6E000B283EB /* AppDelegate.swift in Sources */ = {isa = PBXBuildFile; fileRef = 9982C5CB2870F6E000B283EB /* AppDelegate.swift */; };
		9982C5CE2870F6E000B283EB /* SceneDelegate.swift in Sources */ = {isa = PBXBuildFile; fileRef = 9982C5CD2870F6E000B283EB /* SceneDelegate.swift */; };
		9982C5D02870F6E000B283EB /* LoginViewController.swift in Sources */ = {isa = PBXBuildFile; fileRef = 9982C5CF2870F6E000B283EB /* LoginViewController.swift */; };
		9982C5D32870F6E000B283EB /* Main.storyboard in Resources */ = {isa = PBXBuildFile; fileRef = 9982C5D12870F6E000B283EB /* Main.storyboard */; };
		9982C5D52870F6E100B283EB /* Assets.xcassets in Resources */ = {isa = PBXBuildFile; fileRef = 9982C5D42870F6E100B283EB /* Assets.xcassets */; };
		9982C5D82870F6E100B283EB /* LaunchScreen.storyboard in Resources */ = {isa = PBXBuildFile; fileRef = 9982C5D62870F6E100B283EB /* LaunchScreen.storyboard */; };
/* End PBXBuildFile section */

/* Begin PBXFileReference section */
		458BE58A93A6BB2CF40AB058 /* Pods_Charger.framework */ = {isa = PBXFileReference; explicitFileType = wrapper.framework; includeInIndex = 0; path = Pods_Charger.framework; sourceTree = BUILT_PRODUCTS_DIR; };
		991EFDBB28720C9500DC7F81 /* LoginViewModel.swift */ = {isa = PBXFileReference; lastKnownFileType = sourcecode.swift; path = LoginViewModel.swift; sourceTree = "<group>"; };
		991EFDBD28720CED00DC7F81 /* LoginModel.swift */ = {isa = PBXFileReference; lastKnownFileType = sourcecode.swift; path = LoginModel.swift; sourceTree = "<group>"; };
		991EFDBF2872177F00DC7F81 /* HomePageViewController.swift */ = {isa = PBXFileReference; lastKnownFileType = sourcecode.swift; path = HomePageViewController.swift; sourceTree = "<group>"; };
		9933AA1828747A1D00BF6110 /* ProfileViewController.swift */ = {isa = PBXFileReference; lastKnownFileType = sourcecode.swift; path = ProfileViewController.swift; sourceTree = "<group>"; };
		99360BE62871CDB700920922 /* User.swift */ = {isa = PBXFileReference; lastKnownFileType = sourcecode.swift; path = User.swift; sourceTree = "<group>"; };
		994582DC2875BE8100BB5C23 /* CityViewController.swift */ = {isa = PBXFileReference; lastKnownFileType = sourcecode.swift; path = CityViewController.swift; sourceTree = "<group>"; };
		9982C5C82870F6E000B283EB /* Charger.app */ = {isa = PBXFileReference; explicitFileType = wrapper.application; includeInIndex = 0; path = Charger.app; sourceTree = BUILT_PRODUCTS_DIR; };
		9982C5CB2870F6E000B283EB /* AppDelegate.swift */ = {isa = PBXFileReference; lastKnownFileType = sourcecode.swift; path = AppDelegate.swift; sourceTree = "<group>"; };
		9982C5CD2870F6E000B283EB /* SceneDelegate.swift */ = {isa = PBXFileReference; lastKnownFileType = sourcecode.swift; path = SceneDelegate.swift; sourceTree = "<group>"; };
		9982C5CF2870F6E000B283EB /* LoginViewController.swift */ = {isa = PBXFileReference; lastKnownFileType = sourcecode.swift; path = LoginViewController.swift; sourceTree = "<group>"; };
		9982C5D22870F6E000B283EB /* Base */ = {isa = PBXFileReference; lastKnownFileType = file.storyboard; name = Base; path = Base.lproj/Main.storyboard; sourceTree = "<group>"; };
		9982C5D42870F6E100B283EB /* Assets.xcassets */ = {isa = PBXFileReference; lastKnownFileType = folder.assetcatalog; path = Assets.xcassets; sourceTree = "<group>"; };
		9982C5D72870F6E100B283EB /* Base */ = {isa = PBXFileReference; lastKnownFileType = file.storyboard; name = Base; path = Base.lproj/LaunchScreen.storyboard; sourceTree = "<group>"; };
		9982C5D92870F6E100B283EB /* Info.plist */ = {isa = PBXFileReference; lastKnownFileType = text.plist.xml; path = Info.plist; sourceTree = "<group>"; };
		B87C1A7E2ACEDDBE109549FA /* Pods-Charger.release.xcconfig */ = {isa = PBXFileReference; includeInIndex = 1; lastKnownFileType = text.xcconfig; name = "Pods-Charger.release.xcconfig"; path = "Target Support Files/Pods-Charger/Pods-Charger.release.xcconfig"; sourceTree = "<group>"; };
		D45A1C7AA78FE29A972EB0E7 /* Pods-Charger.debug.xcconfig */ = {isa = PBXFileReference; includeInIndex = 1; lastKnownFileType = text.xcconfig; name = "Pods-Charger.debug.xcconfig"; path = "Target Support Files/Pods-Charger/Pods-Charger.debug.xcconfig"; sourceTree = "<group>"; };
/* End PBXFileReference section */

/* Begin PBXFrameworksBuildPhase section */
		9982C5C52870F6E000B283EB /* Frameworks */ = {
			isa = PBXFrameworksBuildPhase;
			buildActionMask = 2147483647;
			files = (
				0A08BA0E97C157725D1409BA /* Pods_Charger.framework in Frameworks */,
			);
			runOnlyForDeploymentPostprocessing = 0;
		};
/* End PBXFrameworksBuildPhase section */

/* Begin PBXGroup section */
		23148E47BE2B448ECB517DA6 /* Frameworks */ = {
			isa = PBXGroup;
			children = (
				458BE58A93A6BB2CF40AB058 /* Pods_Charger.framework */,
			);
			name = Frameworks;
			sourceTree = "<group>";
		};
		2EBB57E6BE700DB6B8067007 /* Pods */ = {
			isa = PBXGroup;
			children = (
				D45A1C7AA78FE29A972EB0E7 /* Pods-Charger.debug.xcconfig */,
				B87C1A7E2ACEDDBE109549FA /* Pods-Charger.release.xcconfig */,
			);
			path = Pods;
			sourceTree = "<group>";
		};
		99360BE22871CC1100920922 /* Login */ = {
			isa = PBXGroup;
			children = (
				99360BE52871CC4100920922 /* ViewModel */,
				99360BE42871CC3A00920922 /* View */,
				99360BE32871CC2900920922 /* Model */,
			);
			path = Login;
			sourceTree = "<group>";
		};
		99360BE32871CC2900920922 /* Model */ = {
			isa = PBXGroup;
			children = (
				99360BE62871CDB700920922 /* User.swift */,
				991EFDBD28720CED00DC7F81 /* LoginModel.swift */,
			);
			path = Model;
			sourceTree = "<group>";
		};
		99360BE42871CC3A00920922 /* View */ = {
			isa = PBXGroup;
			children = (
				9982C5CF2870F6E000B283EB /* LoginViewController.swift */,
			);
			path = View;
			sourceTree = "<group>";
		};
		99360BE52871CC4100920922 /* ViewModel */ = {
			isa = PBXGroup;
			children = (
				991EFDBB28720C9500DC7F81 /* LoginViewModel.swift */,
			);
			path = ViewModel;
			sourceTree = "<group>";
		};
		9982C5BF2870F6E000B283EB = {
			isa = PBXGroup;
			children = (
				9982C5CA2870F6E000B283EB /* Charger */,
				9982C5C92870F6E000B283EB /* Products */,
				2EBB57E6BE700DB6B8067007 /* Pods */,
				23148E47BE2B448ECB517DA6 /* Frameworks */,
			);
			sourceTree = "<group>";
		};
		9982C5C92870F6E000B283EB /* Products */ = {
			isa = PBXGroup;
			children = (
				9982C5C82870F6E000B283EB /* Charger.app */,
			);
			name = Products;
			sourceTree = "<group>";
		};
		9982C5CA2870F6E000B283EB /* Charger */ = {
			isa = PBXGroup;
			children = (
				99360BE22871CC1100920922 /* Login */,
				9982C5CB2870F6E000B283EB /* AppDelegate.swift */,
				9982C5CD2870F6E000B283EB /* SceneDelegate.swift */,
				9982C5D12870F6E000B283EB /* Main.storyboard */,
				9982C5D42870F6E100B283EB /* Assets.xcassets */,
				9982C5D62870F6E100B283EB /* LaunchScreen.storyboard */,
				9982C5D92870F6E100B283EB /* Info.plist */,
				991EFDBF2872177F00DC7F81 /* HomePageViewController.swift */,
				9933AA1828747A1D00BF6110 /* ProfileViewController.swift */,
				994582DC2875BE8100BB5C23 /* CityViewController.swift */,
			);
			path = Charger;
			sourceTree = "<group>";
		};
/* End PBXGroup section */

/* Begin PBXNativeTarget section */
		9982C5C72870F6E000B283EB /* Charger */ = {
			isa = PBXNativeTarget;
			buildConfigurationList = 9982C5DC2870F6E100B283EB /* Build configuration list for PBXNativeTarget "Charger" */;
			buildPhases = (
				F447B38D857C3574CAE9FBFF /* [CP] Check Pods Manifest.lock */,
				9982C5C42870F6E000B283EB /* Sources */,
				9982C5C52870F6E000B283EB /* Frameworks */,
				9982C5C62870F6E000B283EB /* Resources */,
				DD2E9B839D4DE4BFA9853FCD /* [CP] Embed Pods Frameworks */,
			);
			buildRules = (
			);
			dependencies = (
			);
			name = Charger;
			productName = Charger;
			productReference = 9982C5C82870F6E000B283EB /* Charger.app */;
			productType = "com.apple.product-type.application";
		};
/* End PBXNativeTarget section */

/* Begin PBXProject section */
		9982C5C02870F6E000B283EB /* Project object */ = {
			isa = PBXProject;
			attributes = {
				BuildIndependentTargetsInParallel = 1;
				LastSwiftUpdateCheck = 1340;
				LastUpgradeCheck = 1340;
				TargetAttributes = {
					9982C5C72870F6E000B283EB = {
						CreatedOnToolsVersion = 13.4.1;
					};
				};
			};
			buildConfigurationList = 9982C5C32870F6E000B283EB /* Build configuration list for PBXProject "Charger" */;
			compatibilityVersion = "Xcode 13.0";
			developmentRegion = en;
			hasScannedForEncodings = 0;
			knownRegions = (
				en,
				Base,
			);
			mainGroup = 9982C5BF2870F6E000B283EB;
			productRefGroup = 9982C5C92870F6E000B283EB /* Products */;
			projectDirPath = "";
			projectRoot = "";
			targets = (
				9982C5C72870F6E000B283EB /* Charger */,
			);
		};
/* End PBXProject section */

/* Begin PBXResourcesBuildPhase section */
		9982C5C62870F6E000B283EB /* Resources */ = {
			isa = PBXResourcesBuildPhase;
			buildActionMask = 2147483647;
			files = (
				9982C5D82870F6E100B283EB /* LaunchScreen.storyboard in Resources */,
				9982C5D52870F6E100B283EB /* Assets.xcassets in Resources */,
				9982C5D32870F6E000B283EB /* Main.storyboard in Resources */,
			);
			runOnlyForDeploymentPostprocessing = 0;
		};
/* End PBXResourcesBuildPhase section */

/* Begin PBXShellScriptBuildPhase section */
		DD2E9B839D4DE4BFA9853FCD /* [CP] Embed Pods Frameworks */ = {
			isa = PBXShellScriptBuildPhase;
			buildActionMask = 2147483647;
			files = (
			);
			inputFileListPaths = (
				"${PODS_ROOT}/Target Support Files/Pods-Charger/Pods-Charger-frameworks-${CONFIGURATION}-input-files.xcfilelist",
			);
			name = "[CP] Embed Pods Frameworks";
			outputFileListPaths = (
				"${PODS_ROOT}/Target Support Files/Pods-Charger/Pods-Charger-frameworks-${CONFIGURATION}-output-files.xcfilelist",
			);
			runOnlyForDeploymentPostprocessing = 0;
			shellPath = /bin/sh;
			shellScript = "\"${PODS_ROOT}/Target Support Files/Pods-Charger/Pods-Charger-frameworks.sh\"\n";
			showEnvVarsInLog = 0;
		};
		F447B38D857C3574CAE9FBFF /* [CP] Check Pods Manifest.lock */ = {
			isa = PBXShellScriptBuildPhase;
			buildActionMask = 2147483647;
			files = (
			);
			inputFileListPaths = (
			);
			inputPaths = (
				"${PODS_PODFILE_DIR_PATH}/Podfile.lock",
				"${PODS_ROOT}/Manifest.lock",
			);
			name = "[CP] Check Pods Manifest.lock";
			outputFileListPaths = (
			);
			outputPaths = (
				"$(DERIVED_FILE_DIR)/Pods-Charger-checkManifestLockResult.txt",
			);
			runOnlyForDeploymentPostprocessing = 0;
			shellPath = /bin/sh;
			shellScript = "diff \"${PODS_PODFILE_DIR_PATH}/Podfile.lock\" \"${PODS_ROOT}/Manifest.lock\" > /dev/null\nif [ $? != 0 ] ; then\n    # print error to STDERR\n    echo \"error: The sandbox is not in sync with the Podfile.lock. Run 'pod install' or update your CocoaPods installation.\" >&2\n    exit 1\nfi\n# This output is used by Xcode 'outputs' to avoid re-running this script phase.\necho \"SUCCESS\" > \"${SCRIPT_OUTPUT_FILE_0}\"\n";
			showEnvVarsInLog = 0;
		};
/* End PBXShellScriptBuildPhase section */

/* Begin PBXSourcesBuildPhase section */
		9982C5C42870F6E000B283EB /* Sources */ = {
			isa = PBXSourcesBuildPhase;
			buildActionMask = 2147483647;
			files = (
				99360BE72871CDB700920922 /* User.swift in Sources */,
				991EFDC02872177F00DC7F81 /* HomePageViewController.swift in Sources */,
				991EFDBE28720CED00DC7F81 /* LoginModel.swift in Sources */,
				9982C5D02870F6E000B283EB /* LoginViewController.swift in Sources */,
				9982C5CC2870F6E000B283EB /* AppDelegate.swift in Sources */,
				994582DD2875BE8100BB5C23 /* CityViewController.swift in Sources */,
				991EFDBC28720C9500DC7F81 /* LoginViewModel.swift in Sources */,
				9933AA1928747A1D00BF6110 /* ProfileViewController.swift in Sources */,
				9982C5CE2870F6E000B283EB /* SceneDelegate.swift in Sources */,
			);
			runOnlyForDeploymentPostprocessing = 0;
		};
/* End PBXSourcesBuildPhase section */

/* Begin PBXVariantGroup section */
		9982C5D12870F6E000B283EB /* Main.storyboard */ = {
			isa = PBXVariantGroup;
			children = (
				9982C5D22870F6E000B283EB /* Base */,
			);
			name = Main.storyboard;
			sourceTree = "<group>";
		};
		9982C5D62870F6E100B283EB /* LaunchScreen.storyboard */ = {
			isa = PBXVariantGroup;
			children = (
				9982C5D72870F6E100B283EB /* Base */,
			);
			name = LaunchScreen.storyboard;
			sourceTree = "<group>";
		};
/* End PBXVariantGroup section */

/* Begin XCBuildConfiguration section */
		9982C5DA2870F6E100B283EB /* Debug */ = {
			isa = XCBuildConfiguration;
			buildSettings = {
				ALWAYS_SEARCH_USER_PATHS = NO;
				CLANG_ANALYZER_NONNULL = YES;
				CLANG_ANALYZER_NUMBER_OBJECT_CONVERSION = YES_AGGRESSIVE;
				CLANG_CXX_LANGUAGE_STANDARD = "gnu++17";
				CLANG_ENABLE_MODULES = YES;
				CLANG_ENABLE_OBJC_ARC = YES;
				CLANG_ENABLE_OBJC_WEAK = YES;
				CLANG_WARN_BLOCK_CAPTURE_AUTORELEASING = YES;
				CLANG_WARN_BOOL_CONVERSION = YES;
				CLANG_WARN_COMMA = YES;
				CLANG_WARN_CONSTANT_CONVERSION = YES;
				CLANG_WARN_DEPRECATED_OBJC_IMPLEMENTATIONS = YES;
				CLANG_WARN_DIRECT_OBJC_ISA_USAGE = YES_ERROR;
				CLANG_WARN_DOCUMENTATION_COMMENTS = YES;
				CLANG_WARN_EMPTY_BODY = YES;
				CLANG_WARN_ENUM_CONVERSION = YES;
				CLANG_WARN_INFINITE_RECURSION = YES;
				CLANG_WARN_INT_CONVERSION = YES;
				CLANG_WARN_NON_LITERAL_NULL_CONVERSION = YES;
				CLANG_WARN_OBJC_IMPLICIT_RETAIN_SELF = YES;
				CLANG_WARN_OBJC_LITERAL_CONVERSION = YES;
				CLANG_WARN_OBJC_ROOT_CLASS = YES_ERROR;
				CLANG_WARN_QUOTED_INCLUDE_IN_FRAMEWORK_HEADER = YES;
				CLANG_WARN_RANGE_LOOP_ANALYSIS = YES;
				CLANG_WARN_STRICT_PROTOTYPES = YES;
				CLANG_WARN_SUSPICIOUS_MOVE = YES;
				CLANG_WARN_UNGUARDED_AVAILABILITY = YES_AGGRESSIVE;
				CLANG_WARN_UNREACHABLE_CODE = YES;
				CLANG_WARN__DUPLICATE_METHOD_MATCH = YES;
				COPY_PHASE_STRIP = NO;
				DEBUG_INFORMATION_FORMAT = dwarf;
				ENABLE_STRICT_OBJC_MSGSEND = YES;
				ENABLE_TESTABILITY = YES;
				GCC_C_LANGUAGE_STANDARD = gnu11;
				GCC_DYNAMIC_NO_PIC = NO;
				GCC_NO_COMMON_BLOCKS = YES;
				GCC_OPTIMIZATION_LEVEL = 0;
				GCC_PREPROCESSOR_DEFINITIONS = (
					"DEBUG=1",
					"$(inherited)",
				);
				GCC_WARN_64_TO_32_BIT_CONVERSION = YES;
				GCC_WARN_ABOUT_RETURN_TYPE = YES_ERROR;
				GCC_WARN_UNDECLARED_SELECTOR = YES;
				GCC_WARN_UNINITIALIZED_AUTOS = YES_AGGRESSIVE;
				GCC_WARN_UNUSED_FUNCTION = YES;
				GCC_WARN_UNUSED_VARIABLE = YES;
				IPHONEOS_DEPLOYMENT_TARGET = 15.5;
				MTL_ENABLE_DEBUG_INFO = INCLUDE_SOURCE;
				MTL_FAST_MATH = YES;
				ONLY_ACTIVE_ARCH = YES;
				SDKROOT = iphoneos;
				SWIFT_ACTIVE_COMPILATION_CONDITIONS = DEBUG;
				SWIFT_OPTIMIZATION_LEVEL = "-Onone";
			};
			name = Debug;
		};
		9982C5DB2870F6E100B283EB /* Release */ = {
			isa = XCBuildConfiguration;
			buildSettings = {
				ALWAYS_SEARCH_USER_PATHS = NO;
				CLANG_ANALYZER_NONNULL = YES;
				CLANG_ANALYZER_NUMBER_OBJECT_CONVERSION = YES_AGGRESSIVE;
				CLANG_CXX_LANGUAGE_STANDARD = "gnu++17";
				CLANG_ENABLE_MODULES = YES;
				CLANG_ENABLE_OBJC_ARC = YES;
				CLANG_ENABLE_OBJC_WEAK = YES;
				CLANG_WARN_BLOCK_CAPTURE_AUTORELEASING = YES;
				CLANG_WARN_BOOL_CONVERSION = YES;
				CLANG_WARN_COMMA = YES;
				CLANG_WARN_CONSTANT_CONVERSION = YES;
				CLANG_WARN_DEPRECATED_OBJC_IMPLEMENTATIONS = YES;
				CLANG_WARN_DIRECT_OBJC_ISA_USAGE = YES_ERROR;
				CLANG_WARN_DOCUMENTATION_COMMENTS = YES;
				CLANG_WARN_EMPTY_BODY = YES;
				CLANG_WARN_ENUM_CONVERSION = YES;
				CLANG_WARN_INFINITE_RECURSION = YES;
				CLANG_WARN_INT_CONVERSION = YES;
				CLANG_WARN_NON_LITERAL_NULL_CONVERSION = YES;
				CLANG_WARN_OBJC_IMPLICIT_RETAIN_SELF = YES;
				CLANG_WARN_OBJC_LITERAL_CONVERSION = YES;
				CLANG_WARN_OBJC_ROOT_CLASS = YES_ERROR;
				CLANG_WARN_QUOTED_INCLUDE_IN_FRAMEWORK_HEADER = YES;
				CLANG_WARN_RANGE_LOOP_ANALYSIS = YES;
				CLANG_WARN_STRICT_PROTOTYPES = YES;
				CLANG_WARN_SUSPICIOUS_MOVE = YES;
				CLANG_WARN_UNGUARDED_AVAILABILITY = YES_AGGRESSIVE;
				CLANG_WARN_UNREACHABLE_CODE = YES;
				CLANG_WARN__DUPLICATE_METHOD_MATCH = YES;
				COPY_PHASE_STRIP = NO;
				DEBUG_INFORMATION_FORMAT = "dwarf-with-dsym";
				ENABLE_NS_ASSERTIONS = NO;
				ENABLE_STRICT_OBJC_MSGSEND = YES;
				GCC_C_LANGUAGE_STANDARD = gnu11;
				GCC_NO_COMMON_BLOCKS = YES;
				GCC_WARN_64_TO_32_BIT_CONVERSION = YES;
				GCC_WARN_ABOUT_RETURN_TYPE = YES_ERROR;
				GCC_WARN_UNDECLARED_SELECTOR = YES;
				GCC_WARN_UNINITIALIZED_AUTOS = YES_AGGRESSIVE;
				GCC_WARN_UNUSED_FUNCTION = YES;
				GCC_WARN_UNUSED_VARIABLE = YES;
				IPHONEOS_DEPLOYMENT_TARGET = 15.5;
				MTL_ENABLE_DEBUG_INFO = NO;
				MTL_FAST_MATH = YES;
				SDKROOT = iphoneos;
				SWIFT_COMPILATION_MODE = wholemodule;
				SWIFT_OPTIMIZATION_LEVEL = "-O";
				VALIDATE_PRODUCT = YES;
			};
			name = Release;
		};
		9982C5DD2870F6E100B283EB /* Debug */ = {
			isa = XCBuildConfiguration;
			baseConfigurationReference = D45A1C7AA78FE29A972EB0E7 /* Pods-Charger.debug.xcconfig */;
			buildSettings = {
				ASSETCATALOG_COMPILER_APPICON_NAME = AppIcon;
				ASSETCATALOG_COMPILER_GLOBAL_ACCENT_COLOR_NAME = AccentColor;
				CODE_SIGN_STYLE = Automatic;
				CURRENT_PROJECT_VERSION = 1;
				DEVELOPMENT_TEAM = RSATD8PP9R;
				GENERATE_INFOPLIST_FILE = YES;
				INFOPLIST_FILE = Charger/Info.plist;
				INFOPLIST_KEY_UIApplicationSupportsIndirectInputEvents = YES;
				INFOPLIST_KEY_UILaunchStoryboardName = LaunchScreen;
				INFOPLIST_KEY_UIMainStoryboardFile = Main;
				INFOPLIST_KEY_UISupportedInterfaceOrientations_iPad = "UIInterfaceOrientationPortrait UIInterfaceOrientationPortraitUpsideDown UIInterfaceOrientationLandscapeLeft UIInterfaceOrientationLandscapeRight";
				INFOPLIST_KEY_UISupportedInterfaceOrientations_iPhone = "UIInterfaceOrientationPortrait UIInterfaceOrientationLandscapeLeft UIInterfaceOrientationLandscapeRight";
				LD_RUNPATH_SEARCH_PATHS = (
					"$(inherited)",
					"@executable_path/Frameworks",
				);
				MARKETING_VERSION = 1.0;
				PRODUCT_BUNDLE_IDENTIFIER = hpeksen.Charger;
				PRODUCT_NAME = "$(TARGET_NAME)";
				SWIFT_EMIT_LOC_STRINGS = YES;
				SWIFT_VERSION = 5.0;
				TARGETED_DEVICE_FAMILY = "1,2";
			};
			name = Debug;
		};
		9982C5DE2870F6E100B283EB /* Release */ = {
			isa = XCBuildConfiguration;
			baseConfigurationReference = B87C1A7E2ACEDDBE109549FA /* Pods-Charger.release.xcconfig */;
			buildSettings = {
				ASSETCATALOG_COMPILER_APPICON_NAME = AppIcon;
				ASSETCATALOG_COMPILER_GLOBAL_ACCENT_COLOR_NAME = AccentColor;
				CODE_SIGN_STYLE = Automatic;
				CURRENT_PROJECT_VERSION = 1;
				DEVELOPMENT_TEAM = RSATD8PP9R;
				GENERATE_INFOPLIST_FILE = YES;
				INFOPLIST_FILE = Charger/Info.plist;
				INFOPLIST_KEY_UIApplicationSupportsIndirectInputEvents = YES;
				INFOPLIST_KEY_UILaunchStoryboardName = LaunchScreen;
				INFOPLIST_KEY_UIMainStoryboardFile = Main;
				INFOPLIST_KEY_UISupportedInterfaceOrientations_iPad = "UIInterfaceOrientationPortrait UIInterfaceOrientationPortraitUpsideDown UIInterfaceOrientationLandscapeLeft UIInterfaceOrientationLandscapeRight";
				INFOPLIST_KEY_UISupportedInterfaceOrientations_iPhone = "UIInterfaceOrientationPortrait UIInterfaceOrientationLandscapeLeft UIInterfaceOrientationLandscapeRight";
				LD_RUNPATH_SEARCH_PATHS = (
					"$(inherited)",
					"@executable_path/Frameworks",
				);
				MARKETING_VERSION = 1.0;
				PRODUCT_BUNDLE_IDENTIFIER = hpeksen.Charger;
				PRODUCT_NAME = "$(TARGET_NAME)";
				SWIFT_EMIT_LOC_STRINGS = YES;
				SWIFT_VERSION = 5.0;
				TARGETED_DEVICE_FAMILY = "1,2";
			};
			name = Release;
		};
/* End XCBuildConfiguration section */

/* Begin XCConfigurationList section */
		9982C5C32870F6E000B283EB /* Build configuration list for PBXProject "Charger" */ = {
			isa = XCConfigurationList;
			buildConfigurations = (
				9982C5DA2870F6E100B283EB /* Debug */,
				9982C5DB2870F6E100B283EB /* Release */,
			);
			defaultConfigurationIsVisible = 0;
			defaultConfigurationName = Release;
		};
		9982C5DC2870F6E100B283EB /* Build configuration list for PBXNativeTarget "Charger" */ = {
			isa = XCConfigurationList;
			buildConfigurations = (
				9982C5DD2870F6E100B283EB /* Debug */,
				9982C5DE2870F6E100B283EB /* Release */,
			);
			defaultConfigurationIsVisible = 0;
			defaultConfigurationName = Release;
		};
/* End XCConfigurationList section */
	};
	rootObject = 9982C5C02870F6E000B283EB /* Project object */;
}
